
Microsoft Visual Studio Solution File, Format Version 11.00
# Visual Studio 2010
Project("{FAE04EC0-301F-11D3-BF4B-00C04F79EFBC}") = "AutoProperty", "AutoProperty\AutoProperty.csproj", "{740314F1-7B55-4BBE-956B-AA8DDA20967F}"
EndProject
Project("{FAE04EC0-301F-11D3-BF4B-00C04F79EFBC}") = "AutoProperty.Web", "AutoProperty.Web\AutoProperty.Web.csproj", "{6E3A2783-D67C-416C-A805-F361E71ECF2E}"
EndProject
Global
	GlobalSection(SolutionConfigurationPlatforms) = preSolution
		Debug|Any CPU = Debug|Any CPU
		Release|Any CPU = Release|Any CPU
	EndGlobalSection
	GlobalSection(ProjectConfigurationPlatforms) = postSolution
		{740314F1-7B55-4BBE-956B-AA8DDA20967F}.Debug|Any CPU.ActiveCfg = Debug|Any CPU
		{740314F1-7B55-4BBE-956B-AA8DDA20967F}.Debug|Any CPU.Build.0 = Debug|Any CPU
		{740314F1-7B55-4BBE-956B-AA8DDA20967F}.Release|Any CPU.ActiveCfg = Release|Any CPU
		{740314F1-7B55-4BBE-956B-AA8DDA20967F}.Release|Any CPU.Build.0 = Release|Any CPU
		{6E3A2783-D67C-416C-A805-F361E71ECF2E}.Debug|Any CPU.ActiveCfg = Debug|Any CPU
		{6E3A2783-D67C-416C-A805-F361E71ECF2E}.Debug|Any CPU.Build.0 = Debug|Any CPU
		{6E3A2783-D67C-416C-A805-F361E71ECF2E}.Release|Any CPU.ActiveCfg = Release|Any CPU
		{6E3A2783-D67C-416C-A805-F361E71ECF2E}.Release|Any CPU.Build.0 = Release|Any CPU
	EndGlobalSection
	GlobalSection(SolutionProperties) = preSolution
		HideSolutionNode = FALSE
	EndGlobalSection
EndGlobal
